// !$*UTF8*$!
{
	archiveVersion = 1;
	classes = {
	};
	objectVersion = 46;
	objects = {

/* Begin PBXBuildFile section */
		6D5C7B0B1BCC924D00E93507 /* AppDelegate.swift in Sources */ = {isa = PBXBuildFile; fileRef = 6D5C7B0A1BCC924D00E93507 /* AppDelegate.swift */; };
		6D5C7B0D1BCC924D00E93507 /* SatelliteViewController.swift in Sources */ = {isa = PBXBuildFile; fileRef = 6D5C7B0C1BCC924D00E93507 /* SatelliteViewController.swift */; };
		6D5C7B101BCC924D00E93507 /* Main.storyboard in Resources */ = {isa = PBXBuildFile; fileRef = 6D5C7B0E1BCC924D00E93507 /* Main.storyboard */; };
		6D5C7B121BCC924D00E93507 /* Assets.xcassets in Resources */ = {isa = PBXBuildFile; fileRef = 6D5C7B111BCC924D00E93507 /* Assets.xcassets */; };
		6D5C7B151BCC924D00E93507 /* LaunchScreen.storyboard in Resources */ = {isa = PBXBuildFile; fileRef = 6D5C7B131BCC924D00E93507 /* LaunchScreen.storyboard */; };
		6D5C7B201BCC924D00E93507 /* NASAassignmentTests.swift in Sources */ = {isa = PBXBuildFile; fileRef = 6D5C7B1F1BCC924D00E93507 /* NASAassignmentTests.swift */; };
		6D5C7B2B1BCC924E00E93507 /* NASAassignmentUITests.swift in Sources */ = {isa = PBXBuildFile; fileRef = 6D5C7B2A1BCC924E00E93507 /* NASAassignmentUITests.swift */; };
/* End PBXBuildFile section */

/* Begin PBXContainerItemProxy section */
		6D5C7B1C1BCC924D00E93507 /* PBXContainerItemProxy */ = {
			isa = PBXContainerItemProxy;
			containerPortal = 6D5C7AFF1BCC924D00E93507 /* Project object */;
			proxyType = 1;
			remoteGlobalIDString = 6D5C7B061BCC924D00E93507;
			remoteInfo = NASAassignment;
		};
		6D5C7B271BCC924E00E93507 /* PBXContainerItemProxy */ = {
			isa = PBXContainerItemProxy;
			containerPortal = 6D5C7AFF1BCC924D00E93507 /* Project object */;
			proxyType = 1;
			remoteGlobalIDString = 6D5C7B061BCC924D00E93507;
			remoteInfo = NASAassignment;
		};
/* End PBXContainerItemProxy section */

/* Begin PBXFileReference section */
		6D5C7B071BCC924D00E93507 /* NASAassignment.app */ = {isa = PBXFileReference; explicitFileType = wrapper.application; includeInIndex = 0; path = NASAassignment.app; sourceTree = BUILT_PRODUCTS_DIR; };
		6D5C7B0A1BCC924D00E93507 /* AppDelegate.swift */ = {isa = PBXFileReference; lastKnownFileType = sourcecode.swift; path = AppDelegate.swift; sourceTree = "<group>"; };
		6D5C7B0C1BCC924D00E93507 /* SatelliteViewController.swift */ = {isa = PBXFileReference; lastKnownFileType = sourcecode.swift; path = SatelliteViewController.swift; sourceTree = "<group>"; };
		6D5C7B0F1BCC924D00E93507 /* Base */ = {isa = PBXFileReference; lastKnownFileType = file.storyboard; name = Base; path = Base.lproj/Main.storyboard; sourceTree = "<group>"; };
		6D5C7B111BCC924D00E93507 /* Assets.xcassets */ = {isa = PBXFileReference; lastKnownFileType = folder.assetcatalog; path = Assets.xcassets; sourceTree = "<group>"; };
		6D5C7B141BCC924D00E93507 /* Base */ = {isa = PBXFileReference; lastKnownFileType = file.storyboard; name = Base; path = Base.lproj/LaunchScreen.storyboard; sourceTree = "<group>"; };
		6D5C7B161BCC924D00E93507 /* Info.plist */ = {isa = PBXFileReference; lastKnownFileType = text.plist.xml; path = Info.plist; sourceTree = "<group>"; };
		6D5C7B1B1BCC924D00E93507 /* NASAassignmentTests.xctest */ = {isa = PBXFileReference; explicitFileType = wrapper.cfbundle; includeInIndex = 0; path = NASAassignmentTests.xctest; sourceTree = BUILT_PRODUCTS_DIR; };
		6D5C7B1F1BCC924D00E93507 /* NASAassignmentTests.swift */ = {isa = PBXFileReference; lastKnownFileType = sourcecode.swift; path = NASAassignmentTests.swift; sourceTree = "<group>"; };
		6D5C7B211BCC924E00E93507 /* Info.plist */ = {isa = PBXFileReference; lastKnownFileType = text.plist.xml; path = Info.plist; sourceTree = "<group>"; };
		6D5C7B261BCC924E00E93507 /* NASAassignmentUITests.xctest */ = {isa = PBXFileReference; explicitFileType = wrapper.cfbundle; includeInIndex = 0; path = NASAassignmentUITests.xctest; sourceTree = BUILT_PRODUCTS_DIR; };
		6D5C7B2A1BCC924E00E93507 /* NASAassignmentUITests.swift */ = {isa = PBXFileReference; lastKnownFileType = sourcecode.swift; path = NASAassignmentUITests.swift; sourceTree = "<group>"; };
		6D5C7B2C1BCC924E00E93507 /* Info.plist */ = {isa = PBXFileReference; lastKnownFileType = text.plist.xml; path = Info.plist; sourceTree = "<group>"; };
/* End PBXFileReference section */

/* Begin PBXFrameworksBuildPhase section */
		6D5C7B041BCC924D00E93507 /* Frameworks */ = {
			isa = PBXFrameworksBuildPhase;
			buildActionMask = 2147483647;
			files = (
			);
			runOnlyForDeploymentPostprocessing = 0;
		};
		6D5C7B181BCC924D00E93507 /* Frameworks */ = {
			isa = PBXFrameworksBuildPhase;
			buildActionMask = 2147483647;
			files = (
			);
			runOnlyForDeploymentPostprocessing = 0;
		};
		6D5C7B231BCC924E00E93507 /* Frameworks */ = {
			isa = PBXFrameworksBuildPhase;
			buildActionMask = 2147483647;
			files = (
			);
			runOnlyForDeploymentPostprocessing = 0;
		};
/* End PBXFrameworksBuildPhase section */

/* Begin PBXGroup section */
		6D5C7AFE1BCC924D00E93507 = {
			isa = PBXGroup;
			children = (
				6D5C7B091BCC924D00E93507 /* NASAassignment */,
				6D5C7B1E1BCC924D00E93507 /* NASAassignmentTests */,
				6D5C7B291BCC924E00E93507 /* NASAassignmentUITests */,
				6D5C7B081BCC924D00E93507 /* Products */,
			);
			sourceTree = "<group>";
		};
		6D5C7B081BCC924D00E93507 /* Products */ = {
			isa = PBXGroup;
			children = (
				6D5C7B071BCC924D00E93507 /* NASAassignment.app */,
				6D5C7B1B1BCC924D00E93507 /* NASAassignmentTests.xctest */,
				6D5C7B261BCC924E00E93507 /* NASAassignmentUITests.xctest */,
			);
			name = Products;
			sourceTree = "<group>";
		};
		6D5C7B091BCC924D00E93507 /* NASAassignment */ = {
			isa = PBXGroup;
			children = (
				6D5C7B0A1BCC924D00E93507 /* AppDelegate.swift */,
				6D5C7B0C1BCC924D00E93507 /* SatelliteViewController.swift */,
				6D5C7B0E1BCC924D00E93507 /* Main.storyboard */,
				6D5C7B111BCC924D00E93507 /* Assets.xcassets */,
				6D5C7B131BCC924D00E93507 /* LaunchScreen.storyboard */,
				6D5C7B161BCC924D00E93507 /* Info.plist */,
			);
			path = NASAassignment;
			sourceTree = "<group>";
		};
		6D5C7B1E1BCC924D00E93507 /* NASAassignmentTests */ = {
			isa = PBXGroup;
			children = (
				6D5C7B1F1BCC924D00E93507 /* NASAassignmentTests.swift */,
				6D5C7B211BCC924E00E93507 /* Info.plist */,
			);
			path = NASAassignmentTests;
			sourceTree = "<group>";
		};
		6D5C7B291BCC924E00E93507 /* NASAassignmentUITests */ = {
			isa = PBXGroup;
			children = (
				6D5C7B2A1BCC924E00E93507 /* NASAassignmentUITests.swift */,
				6D5C7B2C1BCC924E00E93507 /* Info.plist */,
			);
			path = NASAassignmentUITests;
			sourceTree = "<group>";
		};
/* End PBXGroup section */

/* Begin PBXNativeTarget section */
		6D5C7B061BCC924D00E93507 /* NASAassignment */ = {
			isa = PBXNativeTarget;
			buildConfigurationList = 6D5C7B2F1BCC924E00E93507 /* Build configuration list for PBXNativeTarget "NASAassignment" */;
			buildPhases = (
				6D5C7B031BCC924D00E93507 /* Sources */,
				6D5C7B041BCC924D00E93507 /* Frameworks */,
				6D5C7B051BCC924D00E93507 /* Resources */,
			);
			buildRules = (
			);
			dependencies = (
			);
			name = NASAassignment;
			productName = NASAassignment;
			productReference = 6D5C7B071BCC924D00E93507 /* NASAassignment.app */;
			productType = "com.apple.product-type.application";
		};
		6D5C7B1A1BCC924D00E93507 /* NASAassignmentTests */ = {
			isa = PBXNativeTarget;
			buildConfigurationList = 6D5C7B321BCC924E00E93507 /* Build configuration list for PBXNativeTarget "NASAassignmentTests" */;
			buildPhases = (
				6D5C7B171BCC924D00E93507 /* Sources */,
				6D5C7B181BCC924D00E93507 /* Frameworks */,
				6D5C7B191BCC924D00E93507 /* Resources */,
			);
			buildRules = (
			);
			dependencies = (
				6D5C7B1D1BCC924D00E93507 /* PBXTargetDependency */,
			);
			name = NASAassignmentTests;
			productName = NASAassignmentTests;
			productReference = 6D5C7B1B1BCC924D00E93507 /* NASAassignmentTests.xctest */;
			productType = "com.apple.product-type.bundle.unit-test";
		};
		6D5C7B251BCC924E00E93507 /* NASAassignmentUITests */ = {
			isa = PBXNativeTarget;
			buildConfigurationList = 6D5C7B351BCC924E00E93507 /* Build configuration list for PBXNativeTarget "NASAassignmentUITests" */;
			buildPhases = (
				6D5C7B221BCC924E00E93507 /* Sources */,
				6D5C7B231BCC924E00E93507 /* Frameworks */,
				6D5C7B241BCC924E00E93507 /* Resources */,
			);
			buildRules = (
			);
			dependencies = (
				6D5C7B281BCC924E00E93507 /* PBXTargetDependency */,
			);
			name = NASAassignmentUITests;
			productName = NASAassignmentUITests;
			productReference = 6D5C7B261BCC924E00E93507 /* NASAassignmentUITests.xctest */;
			productType = "com.apple.product-type.bundle.ui-testing";
		};
/* End PBXNativeTarget section */

/* Begin PBXProject section */
		6D5C7AFF1BCC924D00E93507 /* Project object */ = {
			isa = PBXProject;
			attributes = {
				LastUpgradeCheck = 0700;
				ORGANIZATIONNAME = "Pamela Needle";
				TargetAttributes = {
					6D5C7B061BCC924D00E93507 = {
						CreatedOnToolsVersion = 7.0.1;
					};
					6D5C7B1A1BCC924D00E93507 = {
						CreatedOnToolsVersion = 7.0.1;
						TestTargetID = 6D5C7B061BCC924D00E93507;
					};
					6D5C7B251BCC924E00E93507 = {
						CreatedOnToolsVersion = 7.0.1;
						TestTargetID = 6D5C7B061BCC924D00E93507;
					};
				};
			};
			buildConfigurationList = 6D5C7B021BCC924D00E93507 /* Build configuration list for PBXProject "NASAassignment" */;
			compatibilityVersion = "Xcode 3.2";
			developmentRegion = English;
			hasScannedForEncodings = 0;
			knownRegions = (
				en,
				Base,
			);
			mainGroup = 6D5C7AFE1BCC924D00E93507;
			productRefGroup = 6D5C7B081BCC924D00E93507 /* Products */;
			projectDirPath = "";
			projectRoot = "";
			targets = (
				6D5C7B061BCC924D00E93507 /* NASAassignment */,
				6D5C7B1A1BCC924D00E93507 /* NASAassignmentTests */,
				6D5C7B251BCC924E00E93507 /* NASAassignmentUITests */,
			);
		};
/* End PBXProject section */

/* Begin PBXResourcesBuildPhase section */
		6D5C7B051BCC924D00E93507 /* Resources */ = {
			isa = PBXResourcesBuildPhase;
			buildActionMask = 2147483647;
			files = (
				6D5C7B151BCC924D00E93507 /* LaunchScreen.storyboard in Resources */,
				6D5C7B121BCC924D00E93507 /* Assets.xcassets in Resources */,
				6D5C7B101BCC924D00E93507 /* Main.storyboard in Resources */,
			);
			runOnlyForDeploymentPostprocessing = 0;
		};
		6D5C7B191BCC924D00E93507 /* Resources */ = {
			isa = PBXResourcesBuildPhase;
			buildActionMask = 2147483647;
			files = (
			);
			runOnlyForDeploymentPostprocessing = 0;
		};
		6D5C7B241BCC924E00E93507 /* Resources */ = {
			isa = PBXResourcesBuildPhase;
			buildActionMask = 2147483647;
			files = (
			);
			runOnlyForDeploymentPostprocessing = 0;
		};
/* End PBXResourcesBuildPhase section */

/* Begin PBXSourcesBuildPhase section */
		6D5C7B031BCC924D00E93507 /* Sources */ = {
			isa = PBXSourcesBuildPhase;
			buildActionMask = 2147483647;
			files = (
				6D5C7B0D1BCC924D00E93507 /* SatelliteViewController.swift in Sources */,
				6D5C7B0B1BCC924D00E93507 /* AppDelegate.swift in Sources */,
			);
			runOnlyForDeploymentPostprocessing = 0;
		};
		6D5C7B171BCC924D00E93507 /* Sources */ = {
			isa = PBXSourcesBuildPhase;
			buildActionMask = 2147483647;
			files = (
				6D5C7B201BCC924D00E93507 /* NASAassignmentTests.swift in Sources */,
			);
			runOnlyForDeploymentPostprocessing = 0;
		};
		6D5C7B221BCC924E00E93507 /* Sources */ = {
			isa = PBXSourcesBuildPhase;
			buildActionMask = 2147483647;
			files = (
				6D5C7B2B1BCC924E00E93507 /* NASAassignmentUITests.swift in Sources */,
			);
			runOnlyForDeploymentPostprocessing = 0;
		};
/* End PBXSourcesBuildPhase section */

/* Begin PBXTargetDependency section */
		6D5C7B1D1BCC924D00E93507 /* PBXTargetDependency */ = {
			isa = PBXTargetDependency;
			target = 6D5C7B061BCC924D00E93507 /* NASAassignment */;
			targetProxy = 6D5C7B1C1BCC924D00E93507 /* PBXContainerItemProxy */;
		};
		6D5C7B281BCC924E00E93507 /* PBXTargetDependency */ = {
			isa = PBXTargetDependency;
			target = 6D5C7B061BCC924D00E93507 /* NASAassignment */;
			targetProxy = 6D5C7B271BCC924E00E93507 /* PBXContainerItemProxy */;
		};
/* End PBXTargetDependency section */

/* Begin PBXVariantGroup section */
		6D5C7B0E1BCC924D00E93507 /* Main.storyboard */ = {
			isa = PBXVariantGroup;
			children = (
				6D5C7B0F1BCC924D00E93507 /* Base */,
			);
			name = Main.storyboard;
			sourceTree = "<group>";
		};
		6D5C7B131BCC924D00E93507 /* LaunchScreen.storyboard */ = {
			isa = PBXVariantGroup;
			children = (
				6D5C7B141BCC924D00E93507 /* Base */,
			);
			name = LaunchScreen.storyboard;
			sourceTree = "<group>";
		};
/* End PBXVariantGroup section */

/* Begin XCBuildConfiguration section */
		6D5C7B2D1BCC924E00E93507 /* Debug */ = {
			isa = XCBuildConfiguration;
			buildSettings = {
				ALWAYS_SEARCH_USER_PATHS = NO;
				CLANG_CXX_LANGUAGE_STANDARD = "gnu++0x";
				CLANG_CXX_LIBRARY = "libc++";
				CLANG_ENABLE_MODULES = YES;
				CLANG_ENABLE_OBJC_ARC = YES;
				CLANG_WARN_BOOL_CONVERSION = YES;
				CLANG_WARN_CONSTANT_CONVERSION = YES;
				CLANG_WARN_DIRECT_OBJC_ISA_USAGE = YES_ERROR;
				CLANG_WARN_EMPTY_BODY = YES;
				CLANG_WARN_ENUM_CONVERSION = YES;
				CLANG_WARN_INT_CONVERSION = YES;
				CLANG_WARN_OBJC_ROOT_CLASS = YES_ERROR;
				CLANG_WARN_UNREACHABLE_CODE = YES;
				CLANG_WARN__DUPLICATE_METHOD_MATCH = YES;
				"CODE_SIGN_IDENTITY[sdk=iphoneos*]" = "iPhone Developer";
				COPY_PHASE_STRIP = NO;
				DEBUG_INFORMATION_FORMAT = dwarf;
				ENABLE_STRICT_OBJC_MSGSEND = YES;
				ENABLE_TESTABILITY = YES;
				GCC_C_LANGUAGE_STANDARD = gnu99;
				GCC_DYNAMIC_NO_PIC = NO;
				GCC_NO_COMMON_BLOCKS = YES;
				GCC_OPTIMIZATION_LEVEL = 0;
				GCC_PREPROCESSOR_DEFINITIONS = (
					"DEBUG=1",
					"$(inherited)",
				);
				GCC_WARN_64_TO_32_BIT_CONVERSION = YES;
				GCC_WARN_ABOUT_RETURN_TYPE = YES_ERROR;
				GCC_WARN_UNDECLARED_SELECTOR = YES;
				GCC_WARN_UNINITIALIZED_AUTOS = YES_AGGRESSIVE;
				GCC_WARN_UNUSED_FUNCTION = YES;
				GCC_WARN_UNUSED_VARIABLE = YES;
				IPHONEOS_DEPLOYMENT_TARGET = 9.0;
				MTL_ENABLE_DEBUG_INFO = YES;
				ONLY_ACTIVE_ARCH = YES;
				SDKROOT = iphoneos;
				SWIFT_OPTIMIZATION_LEVEL = "-Onone";
			};
			name = Debug;
		};
		6D5C7B2E1BCC924E00E93507 /* Release */ = {
			isa = XCBuildConfiguration;
			buildSettings = {
				ALWAYS_SEARCH_USER_PATHS = NO;
				CLANG_CXX_LANGUAGE_STANDARD = "gnu++0x";
				CLANG_CXX_LIBRARY = "libc++";
				CLANG_ENABLE_MODULES = YES;
				CLANG_ENABLE_OBJC_ARC = YES;
				CLANG_WARN_BOOL_CONVERSION = YES;
				CLANG_WARN_CONSTANT_CONVERSION = YES;
				CLANG_WARN_DIRECT_OBJC_ISA_USAGE = YES_ERROR;
				CLANG_WARN_EMPTY_BODY = YES;
				CLANG_WARN_ENUM_CONVERSION = YES;
				CLANG_WARN_INT_CONVERSION = YES;
				CLANG_WARN_OBJC_ROOT_CLASS = YES_ERROR;
				CLANG_WARN_UNREACHABLE_CODE = YES;
				CLANG_WARN__DUPLICATE_METHOD_MATCH = YES;
				"CODE_SIGN_IDENTITY[sdk=iphoneos*]" = "iPhone Developer";
				COPY_PHASE_STRIP = NO;
				DEBUG_INFORMATION_FORMAT = "dwarf-with-dsym";
				ENABLE_NS_ASSERTIONS = NO;
				ENABLE_STRICT_OBJC_MSGSEND = YES;
				GCC_C_LANGUAGE_STANDARD = gnu99;
				GCC_NO_COMMON_BLOCKS = YES;
				GCC_WARN_64_TO_32_BIT_CONVERSION = YES;
				GCC_WARN_ABOUT_RETURN_TYPE = YES_ERROR;
				GCC_WARN_UNDECLARED_SELECTOR = YES;
				GCC_WARN_UNINITIALIZED_AUTOS = YES_AGGRESSIVE;
				GCC_WARN_UNUSED_FUNCTION = YES;
				GCC_WARN_UNUSED_VARIABLE = YES;
				IPHONEOS_DEPLOYMENT_TARGET = 9.0;
				MTL_ENABLE_DEBUG_INFO = NO;
				SDKROOT = iphoneos;
				VALIDATE_PRODUCT = YES;
			};
			name = Release;
		};
		6D5C7B301BCC924E00E93507 /* Debug */ = {
			isa = XCBuildConfiguration;
			buildSettings = {
				ASSETCATALOG_COMPILER_APPICON_NAME = AppIcon;
				INFOPLIST_FILE = NASAassignment/Info.plist;
				LD_RUNPATH_SEARCH_PATHS = "$(inherited) @executable_path/Frameworks";
				PRODUCT_BUNDLE_IDENTIFIER = au.edu.uow.NASAassignment;
				PRODUCT_NAME = "$(TARGET_NAME)";
			};
			name = Debug;
		};
		6D5C7B311BCC924E00E93507 /* Release */ = {
			isa = XCBuildConfiguration;
			buildSettings = {
				ASSETCATALOG_COMPILER_APPICON_NAME = AppIcon;
				INFOPLIST_FILE = NASAassignment/Info.plist;
				LD_RUNPATH_SEARCH_PATHS = "$(inherited) @executable_path/Frameworks";
				PRODUCT_BUNDLE_IDENTIFIER = au.edu.uow.NASAassignment;
				PRODUCT_NAME = "$(TARGET_NAME)";
			};
			name = Release;
		};
		6D5C7B331BCC924E00E93507 /* Debug */ = {
			isa = XCBuildConfiguration;
			buildSettings = {
				BUNDLE_LOADER = "$(TEST_HOST)";
				INFOPLIST_FILE = NASAassignmentTests/Info.plist;
				LD_RUNPATH_SEARCH_PATHS = "$(inherited) @executable_path/Frameworks @loader_path/Frameworks";
				PRODUCT_BUNDLE_IDENTIFIER = au.edu.uow.NASAassignmentTests;
				PRODUCT_NAME = "$(TARGET_NAME)";
				TEST_HOST = "$(BUILT_PRODUCTS_DIR)/NASAassignment.app/NASAassignment";
			};
			name = Debug;
		};
		6D5C7B341BCC924E00E93507 /* Release */ = {
			isa = XCBuildConfiguration;
			buildSettings = {
				BUNDLE_LOADER = "$(TEST_HOST)";
				INFOPLIST_FILE = NASAassignmentTests/Info.plist;
				LD_RUNPATH_SEARCH_PATHS = "$(inherited) @executable_path/Frameworks @loader_path/Frameworks";
				PRODUCT_BUNDLE_IDENTIFIER = au.edu.uow.NASAassignmentTests;
				PRODUCT_NAME = "$(TARGET_NAME)";
				TEST_HOST = "$(BUILT_PRODUCTS_DIR)/NASAassignment.app/NASAassignment";
			};
			name = Release;
		};
		6D5C7B361BCC924E00E93507 /* Debug */ = {
			isa = XCBuildConfiguration;
			buildSettings = {
				INFOPLIST_FILE = NASAassignmentUITests/Info.plist;
				LD_RUNPATH_SEARCH_PATHS = "$(inherited) @executable_path/Frameworks @loader_path/Frameworks";
				PRODUCT_BUNDLE_IDENTIFIER = au.edu.uow.NASAassignmentUITests;
				PRODUCT_NAME = "$(TARGET_NAME)";
				TEST_TARGET_NAME = NASAassignment;
				USES_XCTRUNNER = YES;
			};
			name = Debug;
		};
		6D5C7B371BCC924E00E93507 /* Release */ = {
			isa = XCBuildConfiguration;
			buildSettings = {
				INFOPLIST_FILE = NASAassignmentUITests/Info.plist;
				LD_RUNPATH_SEARCH_PATHS = "$(inherited) @executable_path/Frameworks @loader_path/Frameworks";
				PRODUCT_BUNDLE_IDENTIFIER = au.edu.uow.NASAassignmentUITests;
				PRODUCT_NAME = "$(TARGET_NAME)";
				TEST_TARGET_NAME = NASAassignment;
				USES_XCTRUNNER = YES;
			};
			name = Release;
		};
/* End XCBuildConfiguration section */

/* Begin XCConfigurationList section */
		6D5C7B021BCC924D00E93507 /* Build configuration list for PBXProject "NASAassignment" */ = {
			isa = XCConfigurationList;
			buildConfigurations = (
				6D5C7B2D1BCC924E00E93507 /* Debug */,
				6D5C7B2E1BCC924E00E93507 /* Release */,
			);
			defaultConfigurationIsVisible = 0;
			defaultConfigurationName = Release;
		};
		6D5C7B2F1BCC924E00E93507 /* Build configuration list for PBXNativeTarget "NASAassignment" */ = {
			isa = XCConfigurationList;
			buildConfigurations = (
				6D5C7B301BCC924E00E93507 /* Debug */,
				6D5C7B311BCC924E00E93507 /* Release */,
			);
			defaultConfigurationIsVisible = 0;
		};
		6D5C7B321BCC924E00E93507 /* Build configuration list for PBXNativeTarget "NASAassignmentTests" */ = {
			isa = XCConfigurationList;
			buildConfigurations = (
				6D5C7B331BCC924E00E93507 /* Debug */,
				6D5C7B341BCC924E00E93507 /* Release */,
			);
			defaultConfigurationIsVisible = 0;
		};
		6D5C7B351BCC924E00E93507 /* Build configuration list for PBXNativeTarget "NASAassignmentUITests" */ = {
			isa = XCConfigurationList;
			buildConfigurations = (
				6D5C7B361BCC924E00E93507 /* Debug */,
				6D5C7B371BCC924E00E93507 /* Release */,
			);
			defaultConfigurationIsVisible = 0;
		};
/* End XCConfigurationList section */
	};
	rootObject = 6D5C7AFF1BCC924D00E93507 /* Project object */;
}
